Microsoft Visual Studio Solution File, Format Version 1.00
Project("{66355F20-A65B-11D0-BFB5-00A0C91EBFA0}") = "VJTest", "VJTest.vjp", "{EB14C307-B6A7-4CF3-967D-324F529EAEB4}"
EndProject
Global
	GlobalSection(LocalDeployment) = postSolution
		StartupProject = {EB14C307-B6A7-4CF3-967D-324F529EAEB4}
	EndGlobalSection
	GlobalSection(BuildOrder) = postSolution
		0 = {EB14C307-B6A7-4CF3-967D-324F529EAEB4}
	EndGlobalSection
	GlobalSection(DeploymentRoot) = postSolution
	EndGlobalSection
EndGlobal
